{
  "name": "alzheimer",
  "version": "1.0.0",
  "lockfileVersion": 1,
  "requires": true,
  "dependencies": {
    "@tensorflow/tfjs": {
      "version": "1.0.2",
      "resolved": "https://registry.npmjs.org/@tensorflow/tfjs/-/tfjs-1.0.2.tgz",
      "integrity": "sha512-GJEu7cUoQvBu7oInSdDwJvSizfFv3X5831/98m4Lsh9DofdpWzXuOO7PrQ/ZaU52dAcfcWwvmc+8L2SgZs5LYA==",
      "requires": {
        "@tensorflow/tfjs-converter": "1.0.2",
        "@tensorflow/tfjs-core": "1.0.2",
        "@tensorflow/tfjs-data": "1.0.2",
        "@tensorflow/tfjs-layers": "1.0.2"
      }
    },
    "@tensorflow/tfjs-converter": {
      "version": "1.0.2",
      "resolved": "https://registry.npmjs.org/@tensorflow/tfjs-converter/-/tfjs-converter-1.0.2.tgz",
      "integrity": "sha512-kOq4sou7q488Jafg7fYLbFyt4a/WrRFlDq0m9xG4iLBMQPyXDHCR/B30gPW7GnnX9nCjyRP3AnL0BTltpLk7Qg=="
    },
    "@tensorflow/tfjs-core": {
      "version": "1.0.2",
      "resolved": "https://registry.npmjs.org/@tensorflow/tfjs-core/-/tfjs-core-1.0.2.tgz",
      "integrity": "sha512-SJ7HdFfQ9jcDgyj4mMqU5kvfy5yy3X7cuixHrN7cAmlnCcaIVx732HIBHo+krepLMhlCPaMbR3xN2YJmmF5L8A==",
      "requires": {
        "@types/seedrandom": "2.4.27",
        "@types/webgl-ext": "0.0.30",
        "@types/webgl2": "0.0.4",
        "seedrandom": "2.4.3"
      }
    },
    "@tensorflow/tfjs-data": {
      "version": "1.0.2",
      "resolved": "https://registry.npmjs.org/@tensorflow/tfjs-data/-/tfjs-data-1.0.2.tgz",
      "integrity": "sha512-qNykMp9S7XX2PDrUBbYwXJTCBZvXtSSLfg0/saABwSJgtBNEL64+oWzaNY/Fd88TtzwQFiv+MzjUFsxzJRx8lQ==",
      "requires": {
        "@types/node-fetch": "^2.1.2",
        "node-fetch": "~2.1.2",
        "seedrandom": "~2.4.3"
      }
    },
    "@tensorflow/tfjs-layers": {
      "version": "1.0.2",
      "resolved": "https://registry.npmjs.org/@tensorflow/tfjs-layers/-/tfjs-layers-1.0.2.tgz",
      "integrity": "sha512-tJVshA36msG7w6NmxapN1D3TDd8VaMHvnjYtfiEFS/5ZfJt6jfUthSGr1GYAZtnyPYi6/jB905cGPRLuMluhsg=="
    },
    "@types/node": {
      "version": "11.11.6",
      "resolved": "https://registry.npmjs.org/@types/node/-/node-11.11.6.tgz",
      "integrity": "sha512-Exw4yUWMBXM3X+8oqzJNRqZSwUAaS4+7NdvHqQuFi/d+synz++xmX3QIf+BFqneW8N31R8Ky+sikfZUXq07ggQ=="
    },
    "@types/node-fetch": {
      "version": "2.1.7",
      "resolved": "https://registry.npmjs.org/@types/node-fetch/-/node-fetch-2.1.7.tgz",
      "integrity": "sha512-TZozHCDVrs0Aj1B9ZR5F4Q9MknDNcVd+hO5lxXOCzz07ELBey6s1gMUSZHUYHlPfRFKJFXiTnNuD7ePiI6S4/g==",
      "requires": {
        "@types/node": "*"
      }
    },
    "@types/seedrandom": {
      "version": "2.4.27",
      "resolved": "https://registry.npmjs.org/@types/seedrandom/-/seedrandom-2.4.27.tgz",
      "integrity": "sha1-nbVjk33YaRX2kJK8QyWdL0hXjkE="
    },
    "@types/webgl-ext": {
      "version": "0.0.30",
      "resolved": "https://registry.npmjs.org/@types/webgl-ext/-/webgl-ext-0.0.30.tgz",
      "integrity": "sha512-LKVgNmBxN0BbljJrVUwkxwRYqzsAEPcZOe6S2T6ZaBDIrFp0qu4FNlpc5sM1tGbXUYFgdVQIoeLk1Y1UoblyEg=="
    },
    "@types/webgl2": {
      "version": "0.0.4",
      "resolved": "https://registry.npmjs.org/@types/webgl2/-/webgl2-0.0.4.tgz",
      "integrity": "sha512-PACt1xdErJbMUOUweSrbVM7gSIYm1vTncW2hF6Os/EeWi6TXYAYMPp+8v6rzHmypE5gHrxaxZNXgMkJVIdZpHw=="
    },
    "node-fetch": {
      "version": "2.1.2",
      "resolved": "https://registry.npmjs.org/node-fetch/-/node-fetch-2.1.2.tgz",
      "integrity": "sha1-q4hOjn5X44qUR1POxwb3iNF2i7U="
    },
    "seedrandom": {
      "version": "2.4.3",
      "resolved": "https://registry.npmjs.org/seedrandom/-/seedrandom-2.4.3.tgz",
      "integrity": "sha1-JDhQTa0zkXMUv/GKxNeU8W1qrsw="
    }
  }
}
